
Microsoft Visual Studio Solution File, Format Version 12.00
# Visual Studio Version 16
VisualStudioVersion = 16.0.29503.13
MinimumVisualStudioVersion = 10.0.40219.1
Project("{FAE04EC0-301F-11D3-BF4B-00C04F79EFBC}") = "CSOMApp", "WpfApp1\CSOMApp.csproj", "{EFF23717-C097-412C-9300-C1324D9AF0B8}"
EndProject
Global
	GlobalSection(SolutionConfigurationPlatforms) = preSolution
		Debug|Any CPU = Debug|Any CPU
		Release|Any CPU = Release|Any CPU
	EndGlobalSection
	GlobalSection(ProjectConfigurationPlatforms) = postSolution
		{EFF23717-C097-412C-9300-C1324D9AF0B8}.Debug|Any CPU.ActiveCfg = Debug|Any CPU
		{EFF23717-C097-412C-9300-C1324D9AF0B8}.Debug|Any CPU.Build.0 = Debug|Any CPU
		{EFF23717-C097-412C-9300-C1324D9AF0B8}.Release|Any CPU.ActiveCfg = Release|Any CPU
		{EFF23717-C097-412C-9300-C1324D9AF0B8}.Release|Any CPU.Build.0 = Release|Any CPU
	EndGlobalSection
	GlobalSection(SolutionProperties) = preSolution
		HideSolutionNode = FALSE
	EndGlobalSection
	GlobalSection(ExtensibilityGlobals) = postSolution
		SolutionGuid = {53BB8F56-9D9A-4A6A-9F18-4799E0DD7841}
	EndGlobalSection
EndGlobal
